
Microsoft Visual Studio Solution File, Format Version 12.00
# Visual Studio 15
VisualStudioVersion = 15.0.28307.136
MinimumVisualStudioVersion = 10.0.40219.1
Project("{8BC9CEB8-8B4A-11D0-8D11-00A0C91BC942}") = "SuspiciousMemoryDetect", "SuspiciousMemoryDetect\SuspiciousMemoryDetect.vcxproj", "{EAC616EB-D529-4183-AE26-1C8F8631FEAF}"
EndProject
Global
	GlobalSection(SolutionConfigurationPlatforms) = preSolution
		Debug|x64 = Debug|x64
		Debug|x86 = Debug|x86
		Release|x64 = Release|x64
		Release|x86 = Release|x86
	EndGlobalSection
	GlobalSection(ProjectConfigurationPlatforms) = postSolution
		{EAC616EB-D529-4183-AE26-1C8F8631FEAF}.Debug|x64.ActiveCfg = Debug|x64
		{EAC616EB-D529-4183-AE26-1C8F8631FEAF}.Debug|x64.Build.0 = Debug|x64
		{EAC616EB-D529-4183-AE26-1C8F8631FEAF}.Debug|x86.ActiveCfg = Debug|Win32
		{EAC616EB-D529-4183-AE26-1C8F8631FEAF}.Debug|x86.Build.0 = Debug|Win32
		{EAC616EB-D529-4183-AE26-1C8F8631FEAF}.Release|x64.ActiveCfg = Release|x64
		{EAC616EB-D529-4183-AE26-1C8F8631FEAF}.Release|x64.Build.0 = Release|x64
		{EAC616EB-D529-4183-AE26-1C8F8631FEAF}.Release|x86.ActiveCfg = Release|Win32
		{EAC616EB-D529-4183-AE26-1C8F8631FEAF}.Release|x86.Build.0 = Release|Win32
	EndGlobalSection
	GlobalSection(SolutionProperties) = preSolution
		HideSolutionNode = FALSE
	EndGlobalSection
	GlobalSection(ExtensibilityGlobals) = postSolution
		SolutionGuid = {40A9F562-9383-428D-99C7-7284B5C27A60}
	EndGlobalSection
EndGlobal
